
Microsoft Visual Studio Solution File, Format Version 11.00
# Visual Studio 2010
Project("{8BC9CEB8-8B4A-11D0-8D11-00A0C91BC942}") = "ROPVUZ99", "ROPVUZ99\ROPVUZ99.vcxproj", "{4CDF4C83-7F3D-4F40-A039-2F30358BD655}"
EndProject
Global
	GlobalSection(SolutionConfigurationPlatforms) = preSolution
		Debug|Win32 = Debug|Win32
		Release|Win32 = Release|Win32
	EndGlobalSection
	GlobalSection(ProjectConfigurationPlatforms) = postSolution
		{4CDF4C83-7F3D-4F40-A039-2F30358BD655}.Debug|Win32.ActiveCfg = Debug|Win32
		{4CDF4C83-7F3D-4F40-A039-2F30358BD655}.Debug|Win32.Build.0 = Debug|Win32
		{4CDF4C83-7F3D-4F40-A039-2F30358BD655}.Release|Win32.ActiveCfg = Release|Win32
		{4CDF4C83-7F3D-4F40-A039-2F30358BD655}.Release|Win32.Build.0 = Release|Win32
	EndGlobalSection
	GlobalSection(SolutionProperties) = preSolution
		HideSolutionNode = FALSE
	EndGlobalSection
EndGlobal
